github.com/andybalholm/brotli v1.0.5 h1:8uQZIdzKmjc/iuPu7O2ioW48L81FgatrcpfFmiq/cCs=
github.com/andybalholm/brotli v1.0.5/go.mod h1:fO7iG3H7G2nSZ7m0zPUDn85XEX2GTukHGRSepvi9Eig=
github.com/klauspost/compress v1.16.3 h1:XuJt9zzcnaz6a16/OU53ZjWp/v7/42WcR5t2a0PcNQY=
github.com/klauspost/compress v1.16.3/go.mod h1:ntbaceVETuRiXiv4DpjP66DpAtAGkEQskQzEyD//IeE=
github.com/lowl11/lazyfile v0.1.1 h1:RWx1rJug0zLVipBdxarJlowMQSy+mTiiU2S5TROAeK4=
github.com/lowl11/lazyfile v0.1.1/go.mod h1:qcGLmys85GL2O9Rr2Gk/I6JieY0CBifeMsGUWHtMNNg=
github.com/lowl11/lazylog v1.2.8 h1:CEMvtNn+GQtEpMZrQGfMoLCrH0ppkuRg2P9lNvZB9Oo=
github.com/lowl11/lazylog v1.2.8/go.mod h1:0OYngd1IPL84aTTk/St26qARhayVpJtUmh5H+9MQ3Ic=
github.com/valyala/bytebufferpool v1.0.0 h1:GqA5TC/0021Y/b9FG4Oi9Mr3q7XYx6KllzawFIhcdPw=
github.com/valyala/bytebufferpool v1.0.0/go.mod h1:6bBcMArwyJ5K/AmCkWv1jt77kVWyCJ6HpOuEn7z0Csc=
github.com/valyala/fasthttp v1.48.0 h1:oJWvHb9BIZToTQS3MuQ2R3bJZiNSa2KiNdeI8A+79Tc=
github.com/valyala/fasthttp v1.48.0/go.mod h1:k2zXd82h/7UZc3VOdJ2WaUqt1uZ/XpXAfE9i+HBC3lA=
